# THIS IS AN AUTOGENERATED FILE. DO NOT EDIT THIS FILE DIRECTLY.
# yarn lockfile v1


bootstrap-4@^4.0.0:
  version "4.0.0"
  resolved "https://registry.yarnpkg.com/bootstrap-4/-/bootstrap-4-4.0.0.tgz#14ec175ff5565d838bc297be8cdede61210c7041"
  dependencies:
    bootstrap "^4.0.0-alpha.6"

bootstrap@^4.0.0-alpha.6:
  version "4.0.0-beta"
  resolved "https://registry.yarnpkg.com/bootstrap/-/bootstrap-4.0.0-beta.tgz#dc5928175d2e71310bc668cf9e05a907211b72a6"

jquery@>=3.0.0:
  version "3.2.1"
  resolved "https://registry.yarnpkg.com/jquery/-/jquery-3.2.1.tgz#5c4d9de652af6cd0a770154a631bba12b015c787"

popper.js@^1.11.0:
  version "1.12.4"
  resolved "https://registry.yarnpkg.com/popper.js/-/popper.js-1.12.4.tgz#ba8eac2a45a0f549a1f56bd5b122fa61f433b4b3"
